
Microsoft Visual Studio Solution File, Format Version 12.00
Project("{FAE04EC0-301F-11D3-BF4B-00C04F79EFBC}") = "Versions", "src\Versions\Versions.csproj", "{50D17005-BA58-454D-9DD2-DAA91E189B94}"
EndProject
Project("{FAE04EC0-301F-11D3-BF4B-00C04F79EFBC}") = "Versions.iOS", "src\Versions.iOS\Versions.iOS.csproj", "{8151B6E2-F484-451F-A5F4-5305A4E5DF40}"
EndProject
Project("{2150E333-8FDC-42A3-9474-1A3956D46DE8}") = ".solution", ".solution", "{B150529C-A064-4225-82EA-CD697B1B867A}"
	ProjectSection(SolutionItems) = preProject
		directory.packages.props = directory.packages.props
	EndProjectSection
EndProject
Project("{2150E333-8FDC-42A3-9474-1A3956D46DE8}") = ".build", ".build", "{89314866-6C89-4D45-AFA5-5E4D473F525C}"
EndProject
Project("{9A19103F-16F7-4668-BE54-9A1E7A4F7556}") = ".build", ".build\.build.csproj", "{1E898BC5-FE5D-4769-9BDA-7B1B22CB96D9}"
EndProject
Project("{2150E333-8FDC-42A3-9474-1A3956D46DE8}") = ".fastlane", ".fastlane", "{49C760DA-C560-4BEC-B4E9-CD4F44AB3359}"
	ProjectSection(SolutionItems) = preProject
		fastlane\Matchfile = fastlane\Matchfile
	EndProjectSection
EndProject
Global
	GlobalSection(SolutionConfigurationPlatforms) = preSolution
		Ad-Hoc|iPhone = Ad-Hoc|iPhone
		AppStore|iPhone = AppStore|iPhone
		Debug|Any CPU = Debug|Any CPU
		Debug|iPhone = Debug|iPhone
		Debug|iPhoneSimulator = Debug|iPhoneSimulator
		Release|Any CPU = Release|Any CPU
		Release|iPhone = Release|iPhone
		Release|iPhoneSimulator = Release|iPhoneSimulator
	EndGlobalSection
	GlobalSection(ProjectConfigurationPlatforms) = postSolution
		{1E898BC5-FE5D-4769-9BDA-7B1B22CB96D9}.Debug|Any CPU.ActiveCfg = Debug|Any CPU
		{1E898BC5-FE5D-4769-9BDA-7B1B22CB96D9}.Release|Any CPU.ActiveCfg = Release|Any CPU
		{50D17005-BA58-454D-9DD2-DAA91E189B94}.Ad-Hoc|iPhone.ActiveCfg = Debug|Any CPU
		{50D17005-BA58-454D-9DD2-DAA91E189B94}.Ad-Hoc|iPhone.Build.0 = Debug|Any CPU
		{50D17005-BA58-454D-9DD2-DAA91E189B94}.AppStore|iPhone.ActiveCfg = Debug|Any CPU
		{50D17005-BA58-454D-9DD2-DAA91E189B94}.AppStore|iPhone.Build.0 = Debug|Any CPU
		{50D17005-BA58-454D-9DD2-DAA91E189B94}.Debug|Any CPU.ActiveCfg = Debug|Any CPU
		{50D17005-BA58-454D-9DD2-DAA91E189B94}.Debug|Any CPU.Build.0 = Debug|Any CPU
		{50D17005-BA58-454D-9DD2-DAA91E189B94}.Debug|iPhone.ActiveCfg = Debug|Any CPU
		{50D17005-BA58-454D-9DD2-DAA91E189B94}.Debug|iPhone.Build.0 = Debug|Any CPU
		{50D17005-BA58-454D-9DD2-DAA91E189B94}.Debug|iPhoneSimulator.ActiveCfg = Debug|Any CPU
		{50D17005-BA58-454D-9DD2-DAA91E189B94}.Debug|iPhoneSimulator.Build.0 = Debug|Any CPU
		{50D17005-BA58-454D-9DD2-DAA91E189B94}.Release|Any CPU.ActiveCfg = Release|Any CPU
		{50D17005-BA58-454D-9DD2-DAA91E189B94}.Release|Any CPU.Build.0 = Release|Any CPU
		{50D17005-BA58-454D-9DD2-DAA91E189B94}.Release|iPhone.ActiveCfg = Release|Any CPU
		{50D17005-BA58-454D-9DD2-DAA91E189B94}.Release|iPhone.Build.0 = Release|Any CPU
		{50D17005-BA58-454D-9DD2-DAA91E189B94}.Release|iPhoneSimulator.ActiveCfg = Release|Any CPU
		{50D17005-BA58-454D-9DD2-DAA91E189B94}.Release|iPhoneSimulator.Build.0 = Release|Any CPU
		{8151B6E2-F484-451F-A5F4-5305A4E5DF40}.Ad-Hoc|iPhone.ActiveCfg = Ad-Hoc|iPhone
		{8151B6E2-F484-451F-A5F4-5305A4E5DF40}.Ad-Hoc|iPhone.Build.0 = Ad-Hoc|iPhone
		{8151B6E2-F484-451F-A5F4-5305A4E5DF40}.Ad-Hoc|iPhone.Deploy.0 = Ad-Hoc|iPhone
		{8151B6E2-F484-451F-A5F4-5305A4E5DF40}.AppStore|iPhone.ActiveCfg = AppStore|iPhone
		{8151B6E2-F484-451F-A5F4-5305A4E5DF40}.AppStore|iPhone.Build.0 = AppStore|iPhone
		{8151B6E2-F484-451F-A5F4-5305A4E5DF40}.AppStore|iPhone.Deploy.0 = AppStore|iPhone
		{8151B6E2-F484-451F-A5F4-5305A4E5DF40}.Debug|Any CPU.ActiveCfg = Debug|iPhoneSimulator
		{8151B6E2-F484-451F-A5F4-5305A4E5DF40}.Debug|Any CPU.Build.0 = Debug|iPhoneSimulator
		{8151B6E2-F484-451F-A5F4-5305A4E5DF40}.Debug|Any CPU.Deploy.0 = Debug|iPhoneSimulator
		{8151B6E2-F484-451F-A5F4-5305A4E5DF40}.Debug|iPhone.ActiveCfg = Debug|iPhone
		{8151B6E2-F484-451F-A5F4-5305A4E5DF40}.Debug|iPhone.Build.0 = Debug|iPhone
		{8151B6E2-F484-451F-A5F4-5305A4E5DF40}.Debug|iPhone.Deploy.0 = Debug|iPhone
		{8151B6E2-F484-451F-A5F4-5305A4E5DF40}.Debug|iPhoneSimulator.ActiveCfg = Debug|iPhoneSimulator
		{8151B6E2-F484-451F-A5F4-5305A4E5DF40}.Debug|iPhoneSimulator.Build.0 = Debug|iPhoneSimulator
		{8151B6E2-F484-451F-A5F4-5305A4E5DF40}.Debug|iPhoneSimulator.Deploy.0 = Debug|iPhoneSimulator
		{8151B6E2-F484-451F-A5F4-5305A4E5DF40}.Release|Any CPU.ActiveCfg = Release|iPhoneSimulator
		{8151B6E2-F484-451F-A5F4-5305A4E5DF40}.Release|Any CPU.Build.0 = Release|iPhoneSimulator
		{8151B6E2-F484-451F-A5F4-5305A4E5DF40}.Release|Any CPU.Deploy.0 = Release|iPhoneSimulator
		{8151B6E2-F484-451F-A5F4-5305A4E5DF40}.Release|iPhone.ActiveCfg = Release|iPhone
		{8151B6E2-F484-451F-A5F4-5305A4E5DF40}.Release|iPhone.Build.0 = Release|iPhone
		{8151B6E2-F484-451F-A5F4-5305A4E5DF40}.Release|iPhone.Deploy.0 = Release|iPhone
		{8151B6E2-F484-451F-A5F4-5305A4E5DF40}.Release|iPhoneSimulator.ActiveCfg = Release|iPhoneSimulator
		{8151B6E2-F484-451F-A5F4-5305A4E5DF40}.Release|iPhoneSimulator.Build.0 = Release|iPhoneSimulator
		{8151B6E2-F484-451F-A5F4-5305A4E5DF40}.Release|iPhoneSimulator.Deploy.0 = Release|iPhoneSimulator
	EndGlobalSection
	GlobalSection(NestedProjects) = preSolution
		{1E898BC5-FE5D-4769-9BDA-7B1B22CB96D9} = {89314866-6C89-4D45-AFA5-5E4D473F525C}
	EndGlobalSection
EndGlobal
